<?xml version="1.0" encoding="utf-8"?>
<Project ToolsVersion="4.0" xmlns="http://schemas.microsoft.com/developer/msbuild/2003">
  <ItemGroup>
    <ClCompile Include="..\..\Inc\Common\RunTest.cpp">
      <Filter>Common\Targets</Filter>
    </ClCompile>
    <ClCompile Include="Main.cpp" />
    <ClCompile Include="Source\Filter.cpp">
      <Filter>UDWT</Filter>
    </ClCompile>
    <ClCompile Include="Source\UDWTReference.cpp">
      <Filter>Reference</Filter>
    </ClCompile>
    <ClCompile Include="Source\UDWTAccelerator.cpp">
      <Filter>Accelerator</Filter>
    </ClCompile>
    <ClCompile Include="Source\UDWT.cpp">
      <Filter>UDWT</Filter>
    </ClCompile>
    <ClCompile Include="Source\UDWTOptimised.cpp">
      <Filter>Optimised</Filter>
    </ClCompile>
    <ClCompile Include="Source\UDWTCached.cpp">
      <Filter>Cached</Filter>
    </ClCompile>
    <ClCompile Include="Source\UDWTCUDA.cpp">
      <Filter>CUDA</Filter>
    </ClCompile>
    <ClCompile Include="Source\UDWTHaskell.cpp">
      <Filter>Haskell</Filter>
    </ClCompile>
  </ItemGroup>
  <ItemGroup>
    <ClInclude Include="..\..\Inc\Common\DataArrays.h">
      <Filter>Common</Filter>
    </ClInclude>
    <ClInclude Include="..\..\Inc\Common\ParallelCode.h">
      <Filter>Common</Filter>
    </ClInclude>
    <ClInclude Include="..\..\Inc\Common\ParallelProcessor.h">
      <Filter>Common</Filter>
    </ClInclude>
    <ClInclude Include="..\..\Inc\Common\ParallelSystem.h">
      <Filter>Common</Filter>
    </ClInclude>
    <ClInclude Include="..\..\Inc\Common\Timings.h">
      <Filter>Common</Filter>
    </ClInclude>
    <ClInclude Include="..\..\Inc\Common\Arrays\Data.h">
      <Filter>Common\Arrays</Filter>
    </ClInclude>
    <ClInclude Include="..\..\Inc\Common\Arrays\Data2DInt.h">
      <Filter>Common\Arrays</Filter>
    </ClInclude>
    <ClInclude Include="..\..\Inc\Common\Arrays\Data1D.h">
      <Filter>Common\Arrays</Filter>
    </ClInclude>
    <ClInclude Include="..\..\Inc\Common\Arrays\Data1DBool.h">
      <Filter>Common\Arrays</Filter>
    </ClInclude>
    <ClInclude Include="..\..\Inc\Common\Arrays\Data1DFloat.h">
      <Filter>Common\Arrays</Filter>
    </ClInclude>
    <ClInclude Include="..\..\Inc\Common\Arrays\Data1DFloat4.h">
      <Filter>Common\Arrays</Filter>
    </ClInclude>
    <ClInclude Include="..\..\Inc\Common\Arrays\Data1DInt.h">
      <Filter>Common\Arrays</Filter>
    </ClInclude>
    <ClInclude Include="..\..\Inc\Common\Arrays\Data2D.h">
      <Filter>Common\Arrays</Filter>
    </ClInclude>
    <ClInclude Include="..\..\Inc\Common\Arrays\Data2DBool.h">
      <Filter>Common\Arrays</Filter>
    </ClInclude>
    <ClInclude Include="..\..\Inc\Common\Arrays\Data2DFloat.h">
      <Filter>Common\Arrays</Filter>
    </ClInclude>
    <ClInclude Include="..\..\Inc\Common\Arrays\Data2DFloat4.h">
      <Filter>Common\Arrays</Filter>
    </ClInclude>
    <ClInclude Include="..\..\Inc\Common\Arrays\DataStore.h">
      <Filter>Common\Arrays</Filter>
    </ClInclude>
    <ClInclude Include="..\..\Inc\Common\Arrays\StaticData.h">
      <Filter>Common\Arrays</Filter>
    </ClInclude>
    <ClInclude Include="..\..\Inc\Common\ParallelAccelerator.h">
      <Filter>Common\Templates</Filter>
    </ClInclude>
    <ClInclude Include="..\..\Inc\Common\ParallelReference.h">
      <Filter>Common\Templates</Filter>
    </ClInclude>
    <ClInclude Include="..\..\Inc\Common\ParallelCUDA.h">
      <Filter>Common\Templates</Filter>
    </ClInclude>
    <ClInclude Include="..\..\Inc\Common\ParallelOpenCL.h">
      <Filter>Common\Templates</Filter>
    </ClInclude>
    <ClInclude Include="..\..\Inc\Common\Templates\CommonProcess.h">
      <Filter>Common\Targets</Filter>
    </ClInclude>
    <ClInclude Include="..\..\Inc\Common\Templates\CommonProcess2D.h">
      <Filter>Common\Targets</Filter>
    </ClInclude>
    <ClInclude Include="..\..\Inc\Common\RunTest.h">
      <Filter>Common\Targets</Filter>
    </ClInclude>
    <ClInclude Include="Main.h" />
    <ClInclude Include="Source\Filter.h">
      <Filter>UDWT</Filter>
    </ClInclude>
    <ClInclude Include="Source\UDWTReference.h">
      <Filter>Reference</Filter>
    </ClInclude>
    <ClInclude Include="Source\UDWTAccelerator.h">
      <Filter>Accelerator</Filter>
    </ClInclude>
    <ClInclude Include="Source\UDWT.h">
      <Filter>UDWT</Filter>
    </ClInclude>
    <ClInclude Include="..\..\Inc\Common\Templates\CommonProcess1D.h">
      <Filter>Common\Targets</Filter>
    </ClInclude>
    <ClInclude Include="Source\UDWTOptimised.h">
      <Filter>Optimised</Filter>
    </ClInclude>
    <ClInclude Include="Source\UDWTCached.h">
      <Filter>Cached</Filter>
    </ClInclude>
    <ClInclude Include="Source\UDWTCUDA.h">
      <Filter>CUDA</Filter>
    </ClInclude>
    <ClInclude Include="Source\UDWTHaskell.h">
      <Filter>Haskell</Filter>
    </ClInclude>
  </ItemGroup>
  <ItemGroup>
    <Filter Include="Accelerator">
      <UniqueIdentifier>{7acf61bf-2a9d-44a3-987d-0d39df8585c5}</UniqueIdentifier>
    </Filter>
    <Filter Include="Common">
      <UniqueIdentifier>{93f984a6-c0b4-45de-88d1-46f3c72c342c}</UniqueIdentifier>
    </Filter>
    <Filter Include="Reference">
      <UniqueIdentifier>{64bbf85b-15b5-420e-9f5b-cb9f3cbb5db3}</UniqueIdentifier>
    </Filter>
    <Filter Include="Common\Arrays">
      <UniqueIdentifier>{9d93d915-00d2-4719-99e5-ee758188d282}</UniqueIdentifier>
    </Filter>
    <Filter Include="Common\Targets">
      <UniqueIdentifier>{3c303f4c-6ba1-4b97-8394-d3629e486065}</UniqueIdentifier>
    </Filter>
    <Filter Include="Common\Templates">
      <UniqueIdentifier>{732d7c2d-b604-4d12-aaa1-024adf7f59f6}</UniqueIdentifier>
    </Filter>
    <Filter Include="UDWT">
      <UniqueIdentifier>{a8bd4ceb-b583-4a3b-8a34-8d738a10e6b1}</UniqueIdentifier>
    </Filter>
    <Filter Include="Cached">
      <UniqueIdentifier>{19184411-cc22-410e-8d47-b88b120fcd5e}</UniqueIdentifier>
    </Filter>
    <Filter Include="Optimised">
      <UniqueIdentifier>{6f1cd779-c930-4602-ab3c-9ee6d6c5289b}</UniqueIdentifier>
    </Filter>
    <Filter Include="CUDA">
      <UniqueIdentifier>{a946e475-2d84-41ae-b0c5-ef7dfd171b6c}</UniqueIdentifier>
    </Filter>
    <Filter Include="Haskell">
      <UniqueIdentifier>{d82b2b69-af73-4ad4-94fa-b6094c650222}</UniqueIdentifier>
    </Filter>
  </ItemGroup>
  <ItemGroup>
    <CudaCompile Include="Source\UDWTCUDA.cu">
      <Filter>CUDA</Filter>
    </CudaCompile>
  </ItemGroup>
</Project>